
Microsoft Visual Studio Solution File, Format Version 12.00
# Visual Studio Version 18
VisualStudioVersion = 18.6.11822.322 stable
MinimumVisualStudioVersion = 10.0.40219.1
Project("{FAE04EC0-301F-11D3-BF4B-00C04F79EFBC}") = "FishingPortDemo", "FishingPortDemo.csproj", "{5ABBF7CB-DA37-1048-32F1-C2E76FE92727}"
EndProject
Global
	GlobalSection(SolutionConfigurationPlatforms) = preSolution
		Debug|Any CPU = Debug|Any CPU
		Release|Any CPU = Release|Any CPU
	EndGlobalSection
	GlobalSection(ProjectConfigurationPlatforms) = postSolution
		{5ABBF7CB-DA37-1048-32F1-C2E76FE92727}.Debug|Any CPU.ActiveCfg = Debug|Any CPU
		{5ABBF7CB-DA37-1048-32F1-C2E76FE92727}.Debug|Any CPU.Build.0 = Debug|Any CPU
		{5ABBF7CB-DA37-1048-32F1-C2E76FE92727}.Release|Any CPU.ActiveCfg = Release|Any CPU
		{5ABBF7CB-DA37-1048-32F1-C2E76FE92727}.Release|Any CPU.Build.0 = Release|Any CPU
	EndGlobalSection
	GlobalSection(SolutionProperties) = preSolution
		HideSolutionNode = FALSE
	EndGlobalSection
	GlobalSection(ExtensibilityGlobals) = postSolution
		SolutionGuid = {5A3EC616-0919-493C-A729-6BCEB5032A53}
	EndGlobalSection
EndGlobal
